
Microsoft Visual Studio Solution File, Format Version 12.00
# Visual Studio 2013
VisualStudioVersion = 12.0.30501.0
MinimumVisualStudioVersion = 10.0.40219.1
Project("{FAE04EC0-301F-11D3-BF4B-00C04F79EFBC}") = "PPtak.WPFSample.WPFApp", "WPFSample\PPtak.WPFSample.WPFApp.csproj", "{467161B3-5078-4A3F-9F5C-E121CEAEEB78}"
EndProject
Project("{FAE04EC0-301F-11D3-BF4B-00C04F79EFBC}") = "Pptak.WPFSample.DOM", "DOM\Pptak.WPFSample.DOM.csproj", "{327A9378-253B-488C-859E-E4CC17BDE26B}"
EndProject
Project("{FAE04EC0-301F-11D3-BF4B-00C04F79EFBC}") = "Pptak.WPFSample.NotificationService", "Pptak.WPFSample.NotificationService\Pptak.WPFSample.NotificationService.csproj", "{09A2C21B-0BFE-43D3-8B65-62E5DE1D0EBF}"
EndProject
Project("{FAE04EC0-301F-11D3-BF4B-00C04F79EFBC}") = "Pptak.WPFSample.DAL", "Pptak.WPFSample.DAL\Pptak.WPFSample.DAL.csproj", "{CD266F2B-BED1-442C-9337-7E06E02DA842}"
EndProject
Project("{FAE04EC0-301F-11D3-BF4B-00C04F79EFBC}") = "Pptak.WPFSample.Tests", "Pptak.WPFSample.Tests\Pptak.WPFSample.Tests.csproj", "{E210B7F3-C86B-4CFE-9C62-5D62953648FB}"
EndProject
Project("{FAE04EC0-301F-11D3-BF4B-00C04F79EFBC}") = "Pptak.WPFSample.Stubs", "Pptak.WPFSample.Stubs\Pptak.WPFSample.Stubs.csproj", "{E5A43C67-C202-4148-A126-C13EFABD4A54}"
EndProject
Project("{FAE04EC0-301F-11D3-BF4B-00C04F79EFBC}") = "Pptak.WPFSample.DomainServices", "Pptak.WPFSample.DomainServices\Pptak.WPFSample.DomainServices.csproj", "{0B2EF609-6C88-4734-8E57-8BCD2C48F937}"
EndProject
Project("{FAE04EC0-301F-11D3-BF4B-00C04F79EFBC}") = "Pptak.WPFSample.WPF", "Pptak.WPFSample.WPF\Pptak.WPFSample.WPF.csproj", "{CBC6B9EC-1D63-4BE0-BAF6-76AAEAA060E3}"
EndProject
Global
	GlobalSection(SolutionConfigurationPlatforms) = preSolution
		Debug|Any CPU = Debug|Any CPU
		Release|Any CPU = Release|Any CPU
	EndGlobalSection
	GlobalSection(ProjectConfigurationPlatforms) = postSolution
		{467161B3-5078-4A3F-9F5C-E121CEAEEB78}.Debug|Any CPU.ActiveCfg = Debug|Any CPU
		{467161B3-5078-4A3F-9F5C-E121CEAEEB78}.Debug|Any CPU.Build.0 = Debug|Any CPU
		{467161B3-5078-4A3F-9F5C-E121CEAEEB78}.Release|Any CPU.ActiveCfg = Release|Any CPU
		{467161B3-5078-4A3F-9F5C-E121CEAEEB78}.Release|Any CPU.Build.0 = Release|Any CPU
		{327A9378-253B-488C-859E-E4CC17BDE26B}.Debug|Any CPU.ActiveCfg = Debug|Any CPU
		{327A9378-253B-488C-859E-E4CC17BDE26B}.Debug|Any CPU.Build.0 = Debug|Any CPU
		{327A9378-253B-488C-859E-E4CC17BDE26B}.Release|Any CPU.ActiveCfg = Release|Any CPU
		{327A9378-253B-488C-859E-E4CC17BDE26B}.Release|Any CPU.Build.0 = Release|Any CPU
		{09A2C21B-0BFE-43D3-8B65-62E5DE1D0EBF}.Debug|Any CPU.ActiveCfg = Debug|Any CPU
		{09A2C21B-0BFE-43D3-8B65-62E5DE1D0EBF}.Debug|Any CPU.Build.0 = Debug|Any CPU
		{09A2C21B-0BFE-43D3-8B65-62E5DE1D0EBF}.Release|Any CPU.ActiveCfg = Release|Any CPU
		{09A2C21B-0BFE-43D3-8B65-62E5DE1D0EBF}.Release|Any CPU.Build.0 = Release|Any CPU
		{CD266F2B-BED1-442C-9337-7E06E02DA842}.Debug|Any CPU.ActiveCfg = Debug|Any CPU
		{CD266F2B-BED1-442C-9337-7E06E02DA842}.Debug|Any CPU.Build.0 = Debug|Any CPU
		{CD266F2B-BED1-442C-9337-7E06E02DA842}.Release|Any CPU.ActiveCfg = Release|Any CPU
		{CD266F2B-BED1-442C-9337-7E06E02DA842}.Release|Any CPU.Build.0 = Release|Any CPU
		{E210B7F3-C86B-4CFE-9C62-5D62953648FB}.Debug|Any CPU.ActiveCfg = Debug|Any CPU
		{E210B7F3-C86B-4CFE-9C62-5D62953648FB}.Debug|Any CPU.Build.0 = Debug|Any CPU
		{E210B7F3-C86B-4CFE-9C62-5D62953648FB}.Release|Any CPU.ActiveCfg = Release|Any CPU
		{E210B7F3-C86B-4CFE-9C62-5D62953648FB}.Release|Any CPU.Build.0 = Release|Any CPU
		{E5A43C67-C202-4148-A126-C13EFABD4A54}.Debug|Any CPU.ActiveCfg = Debug|Any CPU
		{E5A43C67-C202-4148-A126-C13EFABD4A54}.Debug|Any CPU.Build.0 = Debug|Any CPU
		{E5A43C67-C202-4148-A126-C13EFABD4A54}.Release|Any CPU.ActiveCfg = Release|Any CPU
		{E5A43C67-C202-4148-A126-C13EFABD4A54}.Release|Any CPU.Build.0 = Release|Any CPU
		{0B2EF609-6C88-4734-8E57-8BCD2C48F937}.Debug|Any CPU.ActiveCfg = Debug|Any CPU
		{0B2EF609-6C88-4734-8E57-8BCD2C48F937}.Debug|Any CPU.Build.0 = Debug|Any CPU
		{0B2EF609-6C88-4734-8E57-8BCD2C48F937}.Release|Any CPU.ActiveCfg = Release|Any CPU
		{0B2EF609-6C88-4734-8E57-8BCD2C48F937}.Release|Any CPU.Build.0 = Release|Any CPU
		{CBC6B9EC-1D63-4BE0-BAF6-76AAEAA060E3}.Debug|Any CPU.ActiveCfg = Debug|Any CPU
		{CBC6B9EC-1D63-4BE0-BAF6-76AAEAA060E3}.Debug|Any CPU.Build.0 = Debug|Any CPU
		{CBC6B9EC-1D63-4BE0-BAF6-76AAEAA060E3}.Release|Any CPU.ActiveCfg = Release|Any CPU
		{CBC6B9EC-1D63-4BE0-BAF6-76AAEAA060E3}.Release|Any CPU.Build.0 = Release|Any CPU
	EndGlobalSection
	GlobalSection(SolutionProperties) = preSolution
		HideSolutionNode = FALSE
	EndGlobalSection
EndGlobal
